
Microsoft Visual Studio Solution File, Format Version 12.00
# Visual Studio 15
VisualStudioVersion = 15.0.28307.960
MinimumVisualStudioVersion = 10.0.40219.1
Project("{FAE04EC0-301F-11D3-BF4B-00C04F79EFBC}") = "GenerarQuery_5", "GenerarQuery_5\GenerarQuery_5.csproj", "{B9FE9D57-F994-4492-82A8-CCCA1CEB19E5}"
EndProject
Global
	GlobalSection(SolutionConfigurationPlatforms) = preSolution
		Debug|Any CPU = Debug|Any CPU
		Release|Any CPU = Release|Any CPU
	EndGlobalSection
	GlobalSection(ProjectConfigurationPlatforms) = postSolution
		{B9FE9D57-F994-4492-82A8-CCCA1CEB19E5}.Debug|Any CPU.ActiveCfg = Debug|Any CPU
		{B9FE9D57-F994-4492-82A8-CCCA1CEB19E5}.Debug|Any CPU.Build.0 = Debug|Any CPU
		{B9FE9D57-F994-4492-82A8-CCCA1CEB19E5}.Release|Any CPU.ActiveCfg = Release|Any CPU
		{B9FE9D57-F994-4492-82A8-CCCA1CEB19E5}.Release|Any CPU.Build.0 = Release|Any CPU
	EndGlobalSection
	GlobalSection(SolutionProperties) = preSolution
		HideSolutionNode = FALSE
	EndGlobalSection
	GlobalSection(ExtensibilityGlobals) = postSolution
		SolutionGuid = {96073363-1F31-4489-95AF-0EA5DC6FA5D6}
	EndGlobalSection
EndGlobal
